
Microsoft Visual Studio Solution File, Format Version 12.00
# Visual Studio Version 16
VisualStudioVersion = 16.0.30717.126
MinimumVisualStudioVersion = 10.0.40219.1
Project("{9A19103F-16F7-4668-BE54-9A1E7A4F7556}") = "Day1", "Day1\Day1.csproj", "{BED6474E-79B9-4A16-9035-E02123D0F5A2}"
EndProject
Project("{9A19103F-16F7-4668-BE54-9A1E7A4F7556}") = "Day1Tests", "Day1Tests\Day1Tests.csproj", "{360D1890-B5DD-4B8F-9079-0D2CC8A113F7}"
EndProject
Project("{FAE04EC0-301F-11D3-BF4B-00C04F79EFBC}") = "Day2", "Day2\Day2.csproj", "{81E786BC-26CF-43E2-836B-8B508E9FEA6C}"
EndProject
Project("{FAE04EC0-301F-11D3-BF4B-00C04F79EFBC}") = "Day2Tests", "Day2Tests\Day2Tests.csproj", "{9AF2430D-E9F1-47A4-A72C-BBA1FC261E68}"
EndProject
Project("{9A19103F-16F7-4668-BE54-9A1E7A4F7556}") = "ChristmasUtils", "ChristmasUtils\ChristmasUtils.csproj", "{BF4A7E9B-0B50-4185-9FF1-94EBADCF7793}"
EndProject
Project("{FAE04EC0-301F-11D3-BF4B-00C04F79EFBC}") = "Day3", "Day3\Day3.csproj", "{704E954E-2F8E-4DA0-A06F-209ACBBFEE16}"
EndProject
Project("{FAE04EC0-301F-11D3-BF4B-00C04F79EFBC}") = "Day3Tests", "Day3Tests\Day3Tests.csproj", "{29677A23-DC6F-48DD-B1CC-6984AB6BF190}"
EndProject
Project("{9A19103F-16F7-4668-BE54-9A1E7A4F7556}") = "Day4", "Day4\Day4.csproj", "{54940D26-3336-4BA3-8F63-0E5B592E97CB}"
EndProject
Project("{FAE04EC0-301F-11D3-BF4B-00C04F79EFBC}") = "Day4Tests", "Day4Tests\Day4Tests.csproj", "{FEEBED74-D46D-4D8A-A1A8-05FDA87BCC4B}"
EndProject
Project("{9A19103F-16F7-4668-BE54-9A1E7A4F7556}") = "Day5", "Day5\Day5.csproj", "{7C820D71-5107-443E-A2CE-714EDFC57B71}"
EndProject
Project("{9A19103F-16F7-4668-BE54-9A1E7A4F7556}") = "Day5Tests", "Day5Tests\Day5Tests.csproj", "{E7230D52-3834-4FAE-BB98-5877455E1661}"
EndProject
Project("{9A19103F-16F7-4668-BE54-9A1E7A4F7556}") = "Day6", "Day6\Day6.csproj", "{DBF45A5B-451C-4BEF-87B6-BFE3EDBADD2A}"
EndProject
Project("{9A19103F-16F7-4668-BE54-9A1E7A4F7556}") = "Day6Tests", "Day6Tests\Day6Tests.csproj", "{286F8662-E6D2-4C87-B92A-4D47A32575F7}"
EndProject
Project("{9A19103F-16F7-4668-BE54-9A1E7A4F7556}") = "Day7", "Day7\Day7.csproj", "{1B4BB63D-E7DC-449E-BF83-28B164199B00}"
EndProject
Project("{9A19103F-16F7-4668-BE54-9A1E7A4F7556}") = "Day7Tests", "Day7Tests\Day7Tests.csproj", "{E8318B29-B1B4-4F36-8DE3-2583B25EC587}"
EndProject
Project("{FAE04EC0-301F-11D3-BF4B-00C04F79EFBC}") = "Day8", "Day8\Day8.csproj", "{FD3784B7-11E5-4C08-AFEF-75965A850B0E}"
EndProject
Project("{FAE04EC0-301F-11D3-BF4B-00C04F79EFBC}") = "Day8Tests", "Day8Tests\Day8Tests.csproj", "{EA8D7DF5-51B3-4ABA-BAA5-D6F469E1CC5E}"
EndProject
Global
	GlobalSection(SolutionConfigurationPlatforms) = preSolution
		Debug|Any CPU = Debug|Any CPU
		Release|Any CPU = Release|Any CPU
	EndGlobalSection
	GlobalSection(ProjectConfigurationPlatforms) = postSolution
		{BED6474E-79B9-4A16-9035-E02123D0F5A2}.Debug|Any CPU.ActiveCfg = Debug|Any CPU
		{BED6474E-79B9-4A16-9035-E02123D0F5A2}.Debug|Any CPU.Build.0 = Debug|Any CPU
		{BED6474E-79B9-4A16-9035-E02123D0F5A2}.Release|Any CPU.ActiveCfg = Release|Any CPU
		{BED6474E-79B9-4A16-9035-E02123D0F5A2}.Release|Any CPU.Build.0 = Release|Any CPU
		{360D1890-B5DD-4B8F-9079-0D2CC8A113F7}.Debug|Any CPU.ActiveCfg = Debug|Any CPU
		{360D1890-B5DD-4B8F-9079-0D2CC8A113F7}.Debug|Any CPU.Build.0 = Debug|Any CPU
		{360D1890-B5DD-4B8F-9079-0D2CC8A113F7}.Release|Any CPU.ActiveCfg = Release|Any CPU
		{360D1890-B5DD-4B8F-9079-0D2CC8A113F7}.Release|Any CPU.Build.0 = Release|Any CPU
		{81E786BC-26CF-43E2-836B-8B508E9FEA6C}.Debug|Any CPU.ActiveCfg = Debug|Any CPU
		{81E786BC-26CF-43E2-836B-8B508E9FEA6C}.Debug|Any CPU.Build.0 = Debug|Any CPU
		{81E786BC-26CF-43E2-836B-8B508E9FEA6C}.Release|Any CPU.ActiveCfg = Release|Any CPU
		{81E786BC-26CF-43E2-836B-8B508E9FEA6C}.Release|Any CPU.Build.0 = Release|Any CPU
		{9AF2430D-E9F1-47A4-A72C-BBA1FC261E68}.Debug|Any CPU.ActiveCfg = Debug|Any CPU
		{9AF2430D-E9F1-47A4-A72C-BBA1FC261E68}.Debug|Any CPU.Build.0 = Debug|Any CPU
		{9AF2430D-E9F1-47A4-A72C-BBA1FC261E68}.Release|Any CPU.ActiveCfg = Release|Any CPU
		{9AF2430D-E9F1-47A4-A72C-BBA1FC261E68}.Release|Any CPU.Build.0 = Release|Any CPU
		{BF4A7E9B-0B50-4185-9FF1-94EBADCF7793}.Debug|Any CPU.ActiveCfg = Debug|Any CPU
		{BF4A7E9B-0B50-4185-9FF1-94EBADCF7793}.Debug|Any CPU.Build.0 = Debug|Any CPU
		{BF4A7E9B-0B50-4185-9FF1-94EBADCF7793}.Release|Any CPU.ActiveCfg = Release|Any CPU
		{BF4A7E9B-0B50-4185-9FF1-94EBADCF7793}.Release|Any CPU.Build.0 = Release|Any CPU
		{704E954E-2F8E-4DA0-A06F-209ACBBFEE16}.Debug|Any CPU.ActiveCfg = Debug|Any CPU
		{704E954E-2F8E-4DA0-A06F-209ACBBFEE16}.Debug|Any CPU.Build.0 = Debug|Any CPU
		{704E954E-2F8E-4DA0-A06F-209ACBBFEE16}.Release|Any CPU.ActiveCfg = Release|Any CPU
		{704E954E-2F8E-4DA0-A06F-209ACBBFEE16}.Release|Any CPU.Build.0 = Release|Any CPU
		{29677A23-DC6F-48DD-B1CC-6984AB6BF190}.Debug|Any CPU.ActiveCfg = Debug|Any CPU
		{29677A23-DC6F-48DD-B1CC-6984AB6BF190}.Debug|Any CPU.Build.0 = Debug|Any CPU
		{29677A23-DC6F-48DD-B1CC-6984AB6BF190}.Release|Any CPU.ActiveCfg = Release|Any CPU
		{29677A23-DC6F-48DD-B1CC-6984AB6BF190}.Release|Any CPU.Build.0 = Release|Any CPU
		{54940D26-3336-4BA3-8F63-0E5B592E97CB}.Debug|Any CPU.ActiveCfg = Debug|Any CPU
		{54940D26-3336-4BA3-8F63-0E5B592E97CB}.Debug|Any CPU.Build.0 = Debug|Any CPU
		{54940D26-3336-4BA3-8F63-0E5B592E97CB}.Release|Any CPU.ActiveCfg = Release|Any CPU
		{54940D26-3336-4BA3-8F63-0E5B592E97CB}.Release|Any CPU.Build.0 = Release|Any CPU
		{FEEBED74-D46D-4D8A-A1A8-05FDA87BCC4B}.Debug|Any CPU.ActiveCfg = Debug|Any CPU
		{FEEBED74-D46D-4D8A-A1A8-05FDA87BCC4B}.Debug|Any CPU.Build.0 = Debug|Any CPU
		{FEEBED74-D46D-4D8A-A1A8-05FDA87BCC4B}.Release|Any CPU.ActiveCfg = Release|Any CPU
		{FEEBED74-D46D-4D8A-A1A8-05FDA87BCC4B}.Release|Any CPU.Build.0 = Release|Any CPU
		{7C820D71-5107-443E-A2CE-714EDFC57B71}.Debug|Any CPU.ActiveCfg = Debug|Any CPU
		{7C820D71-5107-443E-A2CE-714EDFC57B71}.Debug|Any CPU.Build.0 = Debug|Any CPU
		{7C820D71-5107-443E-A2CE-714EDFC57B71}.Release|Any CPU.ActiveCfg = Release|Any CPU
		{7C820D71-5107-443E-A2CE-714EDFC57B71}.Release|Any CPU.Build.0 = Release|Any CPU
		{E7230D52-3834-4FAE-BB98-5877455E1661}.Debug|Any CPU.ActiveCfg = Debug|Any CPU
		{E7230D52-3834-4FAE-BB98-5877455E1661}.Debug|Any CPU.Build.0 = Debug|Any CPU
		{E7230D52-3834-4FAE-BB98-5877455E1661}.Release|Any CPU.ActiveCfg = Release|Any CPU
		{E7230D52-3834-4FAE-BB98-5877455E1661}.Release|Any CPU.Build.0 = Release|Any CPU
		{DBF45A5B-451C-4BEF-87B6-BFE3EDBADD2A}.Debug|Any CPU.ActiveCfg = Debug|Any CPU
		{DBF45A5B-451C-4BEF-87B6-BFE3EDBADD2A}.Debug|Any CPU.Build.0 = Debug|Any CPU
		{DBF45A5B-451C-4BEF-87B6-BFE3EDBADD2A}.Release|Any CPU.ActiveCfg = Release|Any CPU
		{DBF45A5B-451C-4BEF-87B6-BFE3EDBADD2A}.Release|Any CPU.Build.0 = Release|Any CPU
		{286F8662-E6D2-4C87-B92A-4D47A32575F7}.Debug|Any CPU.ActiveCfg = Debug|Any CPU
		{286F8662-E6D2-4C87-B92A-4D47A32575F7}.Debug|Any CPU.Build.0 = Debug|Any CPU
		{286F8662-E6D2-4C87-B92A-4D47A32575F7}.Release|Any CPU.ActiveCfg = Release|Any CPU
		{286F8662-E6D2-4C87-B92A-4D47A32575F7}.Release|Any CPU.Build.0 = Release|Any CPU
		{1B4BB63D-E7DC-449E-BF83-28B164199B00}.Debug|Any CPU.ActiveCfg = Debug|Any CPU
		{1B4BB63D-E7DC-449E-BF83-28B164199B00}.Debug|Any CPU.Build.0 = Debug|Any CPU
		{1B4BB63D-E7DC-449E-BF83-28B164199B00}.Release|Any CPU.ActiveCfg = Release|Any CPU
		{1B4BB63D-E7DC-449E-BF83-28B164199B00}.Release|Any CPU.Build.0 = Release|Any CPU
		{E8318B29-B1B4-4F36-8DE3-2583B25EC587}.Debug|Any CPU.ActiveCfg = Debug|Any CPU
		{E8318B29-B1B4-4F36-8DE3-2583B25EC587}.Debug|Any CPU.Build.0 = Debug|Any CPU
		{E8318B29-B1B4-4F36-8DE3-2583B25EC587}.Release|Any CPU.ActiveCfg = Release|Any CPU
		{E8318B29-B1B4-4F36-8DE3-2583B25EC587}.Release|Any CPU.Build.0 = Release|Any CPU
		{FD3784B7-11E5-4C08-AFEF-75965A850B0E}.Debug|Any CPU.ActiveCfg = Debug|Any CPU
		{FD3784B7-11E5-4C08-AFEF-75965A850B0E}.Debug|Any CPU.Build.0 = Debug|Any CPU
		{FD3784B7-11E5-4C08-AFEF-75965A850B0E}.Release|Any CPU.ActiveCfg = Release|Any CPU
		{FD3784B7-11E5-4C08-AFEF-75965A850B0E}.Release|Any CPU.Build.0 = Release|Any CPU
		{EA8D7DF5-51B3-4ABA-BAA5-D6F469E1CC5E}.Debug|Any CPU.ActiveCfg = Debug|Any CPU
		{EA8D7DF5-51B3-4ABA-BAA5-D6F469E1CC5E}.Debug|Any CPU.Build.0 = Debug|Any CPU
		{EA8D7DF5-51B3-4ABA-BAA5-D6F469E1CC5E}.Release|Any CPU.ActiveCfg = Release|Any CPU
		{EA8D7DF5-51B3-4ABA-BAA5-D6F469E1CC5E}.Release|Any CPU.Build.0 = Release|Any CPU
	EndGlobalSection
	GlobalSection(SolutionProperties) = preSolution
		HideSolutionNode = FALSE
	EndGlobalSection
	GlobalSection(ExtensibilityGlobals) = postSolution
		SolutionGuid = {00BF58EC-2CF4-43A6-8D4E-C5C13DA83EC9}
	EndGlobalSection
EndGlobal
